{
  "name": "@tsonic/rust-js",
  "version": "0.0.1",
  "lockfileVersion": 3,
  "requires": true,
  "packages": {
    "": {
      "name": "@tsonic/rust-js",
      "version": "0.0.1",
      "devDependencies": {
        "@tsonic/rust-runtime": "file:../rust-runtime"
      },
      "engines": {
        "node": ">=22.0.0"
      },
      "peerDependencies": {
        "@tsonic/rust-runtime": "0.0.1"
      }
    },
    "../rust-runtime": {
      "name": "@tsonic/rust-runtime",
      "version": "0.0.1",
      "dev": true,
      "engines": {
        "node": ">=22.0.0"
      }
    },
    "node_modules/@tsonic/rust-runtime": {
      "resolved": "../rust-runtime",
      "link": true
    }
  }
}
